
Microsoft Visual Studio Solution File, Format Version 12.00
# Visual Studio 15
VisualStudioVersion = 15.0.27428.2027
MinimumVisualStudioVersion = 10.0.40219.1
Project("{FAE04EC0-301F-11D3-BF4B-00C04F79EFBC}") = "WpfApp2", "WpfApp2\WpfApp2.csproj", "{05DFCE36-762F-4D5C-BA77-91CE507EC1DD}"
EndProject
Global
	GlobalSection(SolutionConfigurationPlatforms) = preSolution
		Debug|Any CPU = Debug|Any CPU
		Release|Any CPU = Release|Any CPU
	EndGlobalSection
	GlobalSection(ProjectConfigurationPlatforms) = postSolution
		{05DFCE36-762F-4D5C-BA77-91CE507EC1DD}.Debug|Any CPU.ActiveCfg = Debug|Any CPU
		{05DFCE36-762F-4D5C-BA77-91CE507EC1DD}.Debug|Any CPU.Build.0 = Debug|Any CPU
		{05DFCE36-762F-4D5C-BA77-91CE507EC1DD}.Release|Any CPU.ActiveCfg = Release|Any CPU
		{05DFCE36-762F-4D5C-BA77-91CE507EC1DD}.Release|Any CPU.Build.0 = Release|Any CPU
	EndGlobalSection
	GlobalSection(SolutionProperties) = preSolution
		HideSolutionNode = FALSE
	EndGlobalSection
	GlobalSection(ExtensibilityGlobals) = postSolution
		SolutionGuid = {90007823-CCF3-4DF5-9094-DC093B2CE484}
	EndGlobalSection
EndGlobal
